// !$*UTF8*$!
{
	archiveVersion = 1;
	classes = {
	};
	objectVersion = 55;
	objects = {

/* Begin PBXBuildFile section */
		3F420261281B233A00685EB8 /* AppDelegate.swift in Sources */ = {isa = PBXBuildFile; fileRef = 3F420260281B233A00685EB8 /* AppDelegate.swift */; };
		3F420263281B233A00685EB8 /* SceneDelegate.swift in Sources */ = {isa = PBXBuildFile; fileRef = 3F420262281B233A00685EB8 /* SceneDelegate.swift */; };
		3F420265281B233A00685EB8 /* GenreViewController.swift in Sources */ = {isa = PBXBuildFile; fileRef = 3F420264281B233A00685EB8 /* GenreViewController.swift */; };
		3F420268281B233A00685EB8 /* Main.storyboard in Resources */ = {isa = PBXBuildFile; fileRef = 3F420266281B233A00685EB8 /* Main.storyboard */; };
		3F42026A281B233D00685EB8 /* Assets.xcassets in Resources */ = {isa = PBXBuildFile; fileRef = 3F420269281B233D00685EB8 /* Assets.xcassets */; };
		3F42026D281B233D00685EB8 /* LaunchScreen.storyboard in Resources */ = {isa = PBXBuildFile; fileRef = 3F42026B281B233D00685EB8 /* LaunchScreen.storyboard */; };
		3F420278281B233D00685EB8 /* Vuppala_MoviesTests.swift in Sources */ = {isa = PBXBuildFile; fileRef = 3F420277281B233D00685EB8 /* Vuppala_MoviesTests.swift */; };
		3F420282281B233D00685EB8 /* Vuppala_MoviesUITests.swift in Sources */ = {isa = PBXBuildFile; fileRef = 3F420281281B233D00685EB8 /* Vuppala_MoviesUITests.swift */; };
		3F420284281B233D00685EB8 /* Vuppala_MoviesUITestsLaunchTests.swift in Sources */ = {isa = PBXBuildFile; fileRef = 3F420283281B233D00685EB8 /* Vuppala_MoviesUITestsLaunchTests.swift */; };
		3F420295281B28A700685EB8 /* MoviesViewController.swift in Sources */ = {isa = PBXBuildFile; fileRef = 3F420294281B28A700685EB8 /* MoviesViewController.swift */; };
		3F420297281B2CF900685EB8 /* MovieCollectionViewCell.swift in Sources */ = {isa = PBXBuildFile; fileRef = 3F420296281B2CF900685EB8 /* MovieCollectionViewCell.swift */; };
		3F420299281B34AA00685EB8 /* MovieData.swift in Sources */ = {isa = PBXBuildFile; fileRef = 3F420298281B34AA00685EB8 /* MovieData.swift */; };
/* End PBXBuildFile section */

/* Begin PBXContainerItemProxy section */
		3F420274281B233D00685EB8 /* PBXContainerItemProxy */ = {
			isa = PBXContainerItemProxy;
			containerPortal = 3F420255281B233A00685EB8 /* Project object */;
			proxyType = 1;
			remoteGlobalIDString = 3F42025C281B233A00685EB8;
			remoteInfo = Vuppala_Movies;
		};
		3F42027E281B233D00685EB8 /* PBXContainerItemProxy */ = {
			isa = PBXContainerItemProxy;
			containerPortal = 3F420255281B233A00685EB8 /* Project object */;
			proxyType = 1;
			remoteGlobalIDString = 3F42025C281B233A00685EB8;
			remoteInfo = Vuppala_Movies;
		};
/* End PBXContainerItemProxy section */

/* Begin PBXFileReference section */
		3F42025D281B233A00685EB8 /* Vuppala_Movies.app */ = {isa = PBXFileReference; explicitFileType = wrapper.application; includeInIndex = 0; path = Vuppala_Movies.app; sourceTree = BUILT_PRODUCTS_DIR; };
		3F420260281B233A00685EB8 /* AppDelegate.swift */ = {isa = PBXFileReference; lastKnownFileType = sourcecode.swift; path = AppDelegate.swift; sourceTree = "<group>"; };
		3F420262281B233A00685EB8 /* SceneDelegate.swift */ = {isa = PBXFileReference; lastKnownFileType = sourcecode.swift; path = SceneDelegate.swift; sourceTree = "<group>"; };
		3F420264281B233A00685EB8 /* GenreViewController.swift */ = {isa = PBXFileReference; lastKnownFileType = sourcecode.swift; path = GenreViewController.swift; sourceTree = "<group>"; };
		3F420267281B233A00685EB8 /* Base */ = {isa = PBXFileReference; lastKnownFileType = file.storyboard; name = Base; path = Base.lproj/Main.storyboard; sourceTree = "<group>"; };
		3F420269281B233D00685EB8 /* Assets.xcassets */ = {isa = PBXFileReference; lastKnownFileType = folder.assetcatalog; path = Assets.xcassets; sourceTree = "<group>"; };
		3F42026C281B233D00685EB8 /* Base */ = {isa = PBXFileReference; lastKnownFileType = file.storyboard; name = Base; path = Base.lproj/LaunchScreen.storyboard; sourceTree = "<group>"; };
		3F42026E281B233D00685EB8 /* Info.plist */ = {isa = PBXFileReference; lastKnownFileType = text.plist.xml; path = Info.plist; sourceTree = "<group>"; };
		3F420273281B233D00685EB8 /* Vuppala_MoviesTests.xctest */ = {isa = PBXFileReference; explicitFileType = wrapper.cfbundle; includeInIndex = 0; path = Vuppala_MoviesTests.xctest; sourceTree = BUILT_PRODUCTS_DIR; };
		3F420277281B233D00685EB8 /* Vuppala_MoviesTests.swift */ = {isa = PBXFileReference; lastKnownFileType = sourcecode.swift; path = Vuppala_MoviesTests.swift; sourceTree = "<group>"; };
		3F42027D281B233D00685EB8 /* Vuppala_MoviesUITests.xctest */ = {isa = PBXFileReference; explicitFileType = wrapper.cfbundle; includeInIndex = 0; path = Vuppala_MoviesUITests.xctest; sourceTree = BUILT_PRODUCTS_DIR; };
		3F420281281B233D00685EB8 /* Vuppala_MoviesUITests.swift */ = {isa = PBXFileReference; lastKnownFileType = sourcecode.swift; path = Vuppala_MoviesUITests.swift; sourceTree = "<group>"; };
		3F420283281B233D00685EB8 /* Vuppala_MoviesUITestsLaunchTests.swift */ = {isa = PBXFileReference; lastKnownFileType = sourcecode.swift; path = Vuppala_MoviesUITestsLaunchTests.swift; sourceTree = "<group>"; };
		3F420294281B28A700685EB8 /* MoviesViewController.swift */ = {isa = PBXFileReference; lastKnownFileType = sourcecode.swift; path = MoviesViewController.swift; sourceTree = "<group>"; };
		3F420296281B2CF900685EB8 /* MovieCollectionViewCell.swift */ = {isa = PBXFileReference; lastKnownFileType = sourcecode.swift; path = MovieCollectionViewCell.swift; sourceTree = "<group>"; };
		3F420298281B34AA00685EB8 /* MovieData.swift */ = {isa = PBXFileReference; lastKnownFileType = sourcecode.swift; path = MovieData.swift; sourceTree = "<group>"; };
/* End PBXFileReference section */

/* Begin PBXFrameworksBuildPhase section */
		3F42025A281B233A00685EB8 /* Frameworks */ = {
			isa = PBXFrameworksBuildPhase;
			buildActionMask = 2147483647;
			files = (
			);
			runOnlyForDeploymentPostprocessing = 0;
		};
		3F420270281B233D00685EB8 /* Frameworks */ = {
			isa = PBXFrameworksBuildPhase;
			buildActionMask = 2147483647;
			files = (
			);
			runOnlyForDeploymentPostprocessing = 0;
		};
		3F42027A281B233D00685EB8 /* Frameworks */ = {
			isa = PBXFrameworksBuildPhase;
			buildActionMask = 2147483647;
			files = (
			);
			runOnlyForDeploymentPostprocessing = 0;
		};
/* End PBXFrameworksBuildPhase section */

/* Begin PBXGroup section */
		3F420254281B233A00685EB8 = {
			isa = PBXGroup;
			children = (
				3F42025F281B233A00685EB8 /* Vuppala_Movies */,
				3F420276281B233D00685EB8 /* Vuppala_MoviesTests */,
				3F420280281B233D00685EB8 /* Vuppala_MoviesUITests */,
				3F42025E281B233A00685EB8 /* Products */,
			);
			sourceTree = "<group>";
		};
		3F42025E281B233A00685EB8 /* Products */ = {
			isa = PBXGroup;
			children = (
				3F42025D281B233A00685EB8 /* Vuppala_Movies.app */,
				3F420273281B233D00685EB8 /* Vuppala_MoviesTests.xctest */,
				3F42027D281B233D00685EB8 /* Vuppala_MoviesUITests.xctest */,
			);
			name = Products;
			sourceTree = "<group>";
		};
		3F42025F281B233A00685EB8 /* Vuppala_Movies */ = {
			isa = PBXGroup;
			children = (
				3F420260281B233A00685EB8 /* AppDelegate.swift */,
				3F420262281B233A00685EB8 /* SceneDelegate.swift */,
				3F420264281B233A00685EB8 /* GenreViewController.swift */,
				3F420266281B233A00685EB8 /* Main.storyboard */,
				3F420269281B233D00685EB8 /* Assets.xcassets */,
				3F42026B281B233D00685EB8 /* LaunchScreen.storyboard */,
				3F42026E281B233D00685EB8 /* Info.plist */,
				3F420294281B28A700685EB8 /* MoviesViewController.swift */,
				3F420296281B2CF900685EB8 /* MovieCollectionViewCell.swift */,
				3F420298281B34AA00685EB8 /* MovieData.swift */,
			);
			path = Vuppala_Movies;
			sourceTree = "<group>";
		};
		3F420276281B233D00685EB8 /* Vuppala_MoviesTests */ = {
			isa = PBXGroup;
			children = (
				3F420277281B233D00685EB8 /* Vuppala_MoviesTests.swift */,
			);
			path = Vuppala_MoviesTests;
			sourceTree = "<group>";
		};
		3F420280281B233D00685EB8 /* Vuppala_MoviesUITests */ = {
			isa = PBXGroup;
			children = (
				3F420281281B233D00685EB8 /* Vuppala_MoviesUITests.swift */,
				3F420283281B233D00685EB8 /* Vuppala_MoviesUITestsLaunchTests.swift */,
			);
			path = Vuppala_MoviesUITests;
			sourceTree = "<group>";
		};
/* End PBXGroup section */

/* Begin PBXNativeTarget section */
		3F42025C281B233A00685EB8 /* Vuppala_Movies */ = {
			isa = PBXNativeTarget;
			buildConfigurationList = 3F420287281B233D00685EB8 /* Build configuration list for PBXNativeTarget "Vuppala_Movies" */;
			buildPhases = (
				3F420259281B233A00685EB8 /* Sources */,
				3F42025A281B233A00685EB8 /* Frameworks */,
				3F42025B281B233A00685EB8 /* Resources */,
			);
			buildRules = (
			);
			dependencies = (
			);
			name = Vuppala_Movies;
			productName = Vuppala_Movies;
			productReference = 3F42025D281B233A00685EB8 /* Vuppala_Movies.app */;
			productType = "com.apple.product-type.application";
		};
		3F420272281B233D00685EB8 /* Vuppala_MoviesTests */ = {
			isa = PBXNativeTarget;
			buildConfigurationList = 3F42028A281B233D00685EB8 /* Build configuration list for PBXNativeTarget "Vuppala_MoviesTests" */;
			buildPhases = (
				3F42026F281B233D00685EB8 /* Sources */,
				3F420270281B233D00685EB8 /* Frameworks */,
				3F420271281B233D00685EB8 /* Resources */,
			);
			buildRules = (
			);
			dependencies = (
				3F420275281B233D00685EB8 /* PBXTargetDependency */,
			);
			name = Vuppala_MoviesTests;
			productName = Vuppala_MoviesTests;
			productReference = 3F420273281B233D00685EB8 /* Vuppala_MoviesTests.xctest */;
			productType = "com.apple.product-type.bundle.unit-test";
		};
		3F42027C281B233D00685EB8 /* Vuppala_MoviesUITests */ = {
			isa = PBXNativeTarget;
			buildConfigurationList = 3F42028D281B233D00685EB8 /* Build configuration list for PBXNativeTarget "Vuppala_MoviesUITests" */;
			buildPhases = (
				3F420279281B233D00685EB8 /* Sources */,
				3F42027A281B233D00685EB8 /* Frameworks */,
				3F42027B281B233D00685EB8 /* Resources */,
			);
			buildRules = (
			);
			dependencies = (
				3F42027F281B233D00685EB8 /* PBXTargetDependency */,
			);
			name = Vuppala_MoviesUITests;
			productName = Vuppala_MoviesUITests;
			productReference = 3F42027D281B233D00685EB8 /* Vuppala_MoviesUITests.xctest */;
			productType = "com.apple.product-type.bundle.ui-testing";
		};
/* End PBXNativeTarget section */

/* Begin PBXProject section */
		3F420255281B233A00685EB8 /* Project object */ = {
			isa = PBXProject;
			attributes = {
				BuildIndependentTargetsInParallel = 1;
				LastSwiftUpdateCheck = 1320;
				LastUpgradeCheck = 1320;
				TargetAttributes = {
					3F42025C281B233A00685EB8 = {
						CreatedOnToolsVersion = 13.2.1;
					};
					3F420272281B233D00685EB8 = {
						CreatedOnToolsVersion = 13.2.1;
						TestTargetID = 3F42025C281B233A00685EB8;
					};
					3F42027C281B233D00685EB8 = {
						CreatedOnToolsVersion = 13.2.1;
						TestTargetID = 3F42025C281B233A00685EB8;
					};
				};
			};
			buildConfigurationList = 3F420258281B233A00685EB8 /* Build configuration list for PBXProject "Vuppala_Movies" */;
			compatibilityVersion = "Xcode 13.0";
			developmentRegion = en;
			hasScannedForEncodings = 0;
			knownRegions = (
				en,
				Base,
			);
			mainGroup = 3F420254281B233A00685EB8;
			productRefGroup = 3F42025E281B233A00685EB8 /* Products */;
			projectDirPath = "";
			projectRoot = "";
			targets = (
				3F42025C281B233A00685EB8 /* Vuppala_Movies */,
				3F420272281B233D00685EB8 /* Vuppala_MoviesTests */,
				3F42027C281B233D00685EB8 /* Vuppala_MoviesUITests */,
			);
		};
/* End PBXProject section */

/* Begin PBXResourcesBuildPhase section */
		3F42025B281B233A00685EB8 /* Resources */ = {
			isa = PBXResourcesBuildPhase;
			buildActionMask = 2147483647;
			files = (
				3F42026D281B233D00685EB8 /* LaunchScreen.storyboard in Resources */,
				3F42026A281B233D00685EB8 /* Assets.xcassets in Resources */,
				3F420268281B233A00685EB8 /* Main.storyboard in Resources */,
			);
			runOnlyForDeploymentPostprocessing = 0;
		};
		3F420271281B233D00685EB8 /* Resources */ = {
			isa = PBXResourcesBuildPhase;
			buildActionMask = 2147483647;
			files = (
			);
			runOnlyForDeploymentPostprocessing = 0;
		};
		3F42027B281B233D00685EB8 /* Resources */ = {
			isa = PBXResourcesBuildPhase;
			buildActionMask = 2147483647;
			files = (
			);
			runOnlyForDeploymentPostprocessing = 0;
		};
/* End PBXResourcesBuildPhase section */

/* Begin PBXSourcesBuildPhase section */
		3F420259281B233A00685EB8 /* Sources */ = {
			isa = PBXSourcesBuildPhase;
			buildActionMask = 2147483647;
			files = (
				3F420299281B34AA00685EB8 /* MovieData.swift in Sources */,
				3F420265281B233A00685EB8 /* GenreViewController.swift in Sources */,
				3F420261281B233A00685EB8 /* AppDelegate.swift in Sources */,
				3F420297281B2CF900685EB8 /* MovieCollectionViewCell.swift in Sources */,
				3F420263281B233A00685EB8 /* SceneDelegate.swift in Sources */,
				3F420295281B28A700685EB8 /* MoviesViewController.swift in Sources */,
			);
			runOnlyForDeploymentPostprocessing = 0;
		};
		3F42026F281B233D00685EB8 /* Sources */ = {
			isa = PBXSourcesBuildPhase;
			buildActionMask = 2147483647;
			files = (
				3F420278281B233D00685EB8 /* Vuppala_MoviesTests.swift in Sources */,
			);
			runOnlyForDeploymentPostprocessing = 0;
		};
		3F420279281B233D00685EB8 /* Sources */ = {
			isa = PBXSourcesBuildPhase;
			buildActionMask = 2147483647;
			files = (
				3F420282281B233D00685EB8 /* Vuppala_MoviesUITests.swift in Sources */,
				3F420284281B233D00685EB8 /* Vuppala_MoviesUITestsLaunchTests.swift in Sources */,
			);
			runOnlyForDeploymentPostprocessing = 0;
		};
/* End PBXSourcesBuildPhase section */

/* Begin PBXTargetDependency section */
		3F420275281B233D00685EB8 /* PBXTargetDependency */ = {
			isa = PBXTargetDependency;
			target = 3F42025C281B233A00685EB8 /* Vuppala_Movies */;
			targetProxy = 3F420274281B233D00685EB8 /* PBXContainerItemProxy */;
		};
		3F42027F281B233D00685EB8 /* PBXTargetDependency */ = {
			isa = PBXTargetDependency;
			target = 3F42025C281B233A00685EB8 /* Vuppala_Movies */;
			targetProxy = 3F42027E281B233D00685EB8 /* PBXContainerItemProxy */;
		};
/* End PBXTargetDependency section */

/* Begin PBXVariantGroup section */
		3F420266281B233A00685EB8 /* Main.storyboard */ = {
			isa = PBXVariantGroup;
			children = (
				3F420267281B233A00685EB8 /* Base */,
			);
			name = Main.storyboard;
			sourceTree = "<group>";
		};
		3F42026B281B233D00685EB8 /* LaunchScreen.storyboard */ = {
			isa = PBXVariantGroup;
			children = (
				3F42026C281B233D00685EB8 /* Base */,
			);
			name = LaunchScreen.storyboard;
			sourceTree = "<group>";
		};
/* End PBXVariantGroup section */

/* Begin XCBuildConfiguration section */
		3F420285281B233D00685EB8 /* Debug */ = {
			isa = XCBuildConfiguration;
			buildSettings = {
				ALWAYS_SEARCH_USER_PATHS = NO;
				CLANG_ANALYZER_NONNULL = YES;
				CLANG_ANALYZER_NUMBER_OBJECT_CONVERSION = YES_AGGRESSIVE;
				CLANG_CXX_LANGUAGE_STANDARD = "gnu++17";
				CLANG_CXX_LIBRARY = "libc++";
				CLANG_ENABLE_MODULES = YES;
				CLANG_ENABLE_OBJC_ARC = YES;
				CLANG_ENABLE_OBJC_WEAK = YES;
				CLANG_WARN_BLOCK_CAPTURE_AUTORELEASING = YES;
				CLANG_WARN_BOOL_CONVERSION = YES;
				CLANG_WARN_COMMA = YES;
				CLANG_WARN_CONSTANT_CONVERSION = YES;
				CLANG_WARN_DEPRECATED_OBJC_IMPLEMENTATIONS = YES;
				CLANG_WARN_DIRECT_OBJC_ISA_USAGE = YES_ERROR;
				CLANG_WARN_DOCUMENTATION_COMMENTS = YES;
				CLANG_WARN_EMPTY_BODY = YES;
				CLANG_WARN_ENUM_CONVERSION = YES;
				CLANG_WARN_INFINITE_RECURSION = YES;
				CLANG_WARN_INT_CONVERSION = YES;
				CLANG_WARN_NON_LITERAL_NULL_CONVERSION = YES;
				CLANG_WARN_OBJC_IMPLICIT_RETAIN_SELF = YES;
				CLANG_WARN_OBJC_LITERAL_CONVERSION = YES;
				CLANG_WARN_OBJC_ROOT_CLASS = YES_ERROR;
				CLANG_WARN_QUOTED_INCLUDE_IN_FRAMEWORK_HEADER = YES;
				CLANG_WARN_RANGE_LOOP_ANALYSIS = YES;
				CLANG_WARN_STRICT_PROTOTYPES = YES;
				CLANG_WARN_SUSPICIOUS_MOVE = YES;
				CLANG_WARN_UNGUARDED_AVAILABILITY = YES_AGGRESSIVE;
				CLANG_WARN_UNREACHABLE_CODE = YES;
				CLANG_WARN__DUPLICATE_METHOD_MATCH = YES;
				COPY_PHASE_STRIP = NO;
				DEBUG_INFORMATION_FORMAT = dwarf;
				ENABLE_STRICT_OBJC_MSGSEND = YES;
				ENABLE_TESTABILITY = YES;
				GCC_C_LANGUAGE_STANDARD = gnu11;
				GCC_DYNAMIC_NO_PIC = NO;
				GCC_NO_COMMON_BLOCKS = YES;
				GCC_OPTIMIZATION_LEVEL = 0;
				GCC_PREPROCESSOR_DEFINITIONS = (
					"DEBUG=1",
					"$(inherited)",
				);
				GCC_WARN_64_TO_32_BIT_CONVERSION = YES;
				GCC_WARN_ABOUT_RETURN_TYPE = YES_ERROR;
				GCC_WARN_UNDECLARED_SELECTOR = YES;
				GCC_WARN_UNINITIALIZED_AUTOS = YES_AGGRESSIVE;
				GCC_WARN_UNUSED_FUNCTION = YES;
				GCC_WARN_UNUSED_VARIABLE = YES;
				IPHONEOS_DEPLOYMENT_TARGET = 15.2;
				MTL_ENABLE_DEBUG_INFO = INCLUDE_SOURCE;
				MTL_FAST_MATH = YES;
				ONLY_ACTIVE_ARCH = YES;
				SDKROOT = iphoneos;
				SWIFT_ACTIVE_COMPILATION_CONDITIONS = DEBUG;
				SWIFT_OPTIMIZATION_LEVEL = "-Onone";
			};
			name = Debug;
		};
		3F420286281B233D00685EB8 /* Release */ = {
			isa = XCBuildConfiguration;
			buildSettings = {
				ALWAYS_SEARCH_USER_PATHS = NO;
				CLANG_ANALYZER_NONNULL = YES;
				CLANG_ANALYZER_NUMBER_OBJECT_CONVERSION = YES_AGGRESSIVE;
				CLANG_CXX_LANGUAGE_STANDARD = "gnu++17";
				CLANG_CXX_LIBRARY = "libc++";
				CLANG_ENABLE_MODULES = YES;
				CLANG_ENABLE_OBJC_ARC = YES;
				CLANG_ENABLE_OBJC_WEAK = YES;
				CLANG_WARN_BLOCK_CAPTURE_AUTORELEASING = YES;
				CLANG_WARN_BOOL_CONVERSION = YES;
				CLANG_WARN_COMMA = YES;
				CLANG_WARN_CONSTANT_CONVERSION = YES;
				CLANG_WARN_DEPRECATED_OBJC_IMPLEMENTATIONS = YES;
				CLANG_WARN_DIRECT_OBJC_ISA_USAGE = YES_ERROR;
				CLANG_WARN_DOCUMENTATION_COMMENTS = YES;
				CLANG_WARN_EMPTY_BODY = YES;
				CLANG_WARN_ENUM_CONVERSION = YES;
				CLANG_WARN_INFINITE_RECURSION = YES;
				CLANG_WARN_INT_CONVERSION = YES;
				CLANG_WARN_NON_LITERAL_NULL_CONVERSION = YES;
				CLANG_WARN_OBJC_IMPLICIT_RETAIN_SELF = YES;
				CLANG_WARN_OBJC_LITERAL_CONVERSION = YES;
				CLANG_WARN_OBJC_ROOT_CLASS = YES_ERROR;
				CLANG_WARN_QUOTED_INCLUDE_IN_FRAMEWORK_HEADER = YES;
				CLANG_WARN_RANGE_LOOP_ANALYSIS = YES;
				CLANG_WARN_STRICT_PROTOTYPES = YES;
				CLANG_WARN_SUSPICIOUS_MOVE = YES;
				CLANG_WARN_UNGUARDED_AVAILABILITY = YES_AGGRESSIVE;
				CLANG_WARN_UNREACHABLE_CODE = YES;
				CLANG_WARN__DUPLICATE_METHOD_MATCH = YES;
				COPY_PHASE_STRIP = NO;
				DEBUG_INFORMATION_FORMAT = "dwarf-with-dsym";
				ENABLE_NS_ASSERTIONS = NO;
				ENABLE_STRICT_OBJC_MSGSEND = YES;
				GCC_C_LANGUAGE_STANDARD = gnu11;
				GCC_NO_COMMON_BLOCKS = YES;
				GCC_WARN_64_TO_32_BIT_CONVERSION = YES;
				GCC_WARN_ABOUT_RETURN_TYPE = YES_ERROR;
				GCC_WARN_UNDECLARED_SELECTOR = YES;
				GCC_WARN_UNINITIALIZED_AUTOS = YES_AGGRESSIVE;
				GCC_WARN_UNUSED_FUNCTION = YES;
				GCC_WARN_UNUSED_VARIABLE = YES;
				IPHONEOS_DEPLOYMENT_TARGET = 15.2;
				MTL_ENABLE_DEBUG_INFO = NO;
				MTL_FAST_MATH = YES;
				SDKROOT = iphoneos;
				SWIFT_COMPILATION_MODE = wholemodule;
				SWIFT_OPTIMIZATION_LEVEL = "-O";
				VALIDATE_PRODUCT = YES;
			};
			name = Release;
		};
		3F420288281B233D00685EB8 /* Debug */ = {
			isa = XCBuildConfiguration;
			buildSettings = {
				ASSETCATALOG_COMPILER_APPICON_NAME = AppIcon;
				ASSETCATALOG_COMPILER_GLOBAL_ACCENT_COLOR_NAME = AccentColor;
				CODE_SIGN_STYLE = Automatic;
				CURRENT_PROJECT_VERSION = 1;
				GENERATE_INFOPLIST_FILE = YES;
				INFOPLIST_FILE = Vuppala_Movies/Info.plist;
				INFOPLIST_KEY_CFBundleDisplayName = Vuppala_Movies;
				INFOPLIST_KEY_UIApplicationSupportsIndirectInputEvents = YES;
				INFOPLIST_KEY_UILaunchStoryboardName = LaunchScreen;
				INFOPLIST_KEY_UIMainStoryboardFile = Main;
				INFOPLIST_KEY_UISupportedInterfaceOrientations_iPad = "UIInterfaceOrientationPortrait UIInterfaceOrientationPortraitUpsideDown UIInterfaceOrientationLandscapeLeft UIInterfaceOrientationLandscapeRight";
				INFOPLIST_KEY_UISupportedInterfaceOrientations_iPhone = "UIInterfaceOrientationPortrait UIInterfaceOrientationLandscapeLeft UIInterfaceOrientationLandscapeRight";
				LD_RUNPATH_SEARCH_PATHS = (
					"$(inherited)",
					"@executable_path/Frameworks",
				);
				MARKETING_VERSION = 1.0;
				PRODUCT_BUNDLE_IDENTIFIER = "nwmsu.Vuppala-Movies";
				PRODUCT_NAME = "$(TARGET_NAME)";
				SWIFT_EMIT_LOC_STRINGS = YES;
				SWIFT_VERSION = 5.0;
				TARGETED_DEVICE_FAMILY = "1,2";
			};
			name = Debug;
		};
		3F420289281B233D00685EB8 /* Release */ = {
			isa = XCBuildConfiguration;
			buildSettings = {
				ASSETCATALOG_COMPILER_APPICON_NAME = AppIcon;
				ASSETCATALOG_COMPILER_GLOBAL_ACCENT_COLOR_NAME = AccentColor;
				CODE_SIGN_STYLE = Automatic;
				CURRENT_PROJECT_VERSION = 1;
				GENERATE_INFOPLIST_FILE = YES;
				INFOPLIST_FILE = Vuppala_Movies/Info.plist;
				INFOPLIST_KEY_CFBundleDisplayName = Vuppala_Movies;
				INFOPLIST_KEY_UIApplicationSupportsIndirectInputEvents = YES;
				INFOPLIST_KEY_UILaunchStoryboardName = LaunchScreen;
				INFOPLIST_KEY_UIMainStoryboardFile = Main;
				INFOPLIST_KEY_UISupportedInterfaceOrientations_iPad = "UIInterfaceOrientationPortrait UIInterfaceOrientationPortraitUpsideDown UIInterfaceOrientationLandscapeLeft UIInterfaceOrientationLandscapeRight";
				INFOPLIST_KEY_UISupportedInterfaceOrientations_iPhone = "UIInterfaceOrientationPortrait UIInterfaceOrientationLandscapeLeft UIInterfaceOrientationLandscapeRight";
				LD_RUNPATH_SEARCH_PATHS = (
					"$(inherited)",
					"@executable_path/Frameworks",
				);
				MARKETING_VERSION = 1.0;
				PRODUCT_BUNDLE_IDENTIFIER = "nwmsu.Vuppala-Movies";
				PRODUCT_NAME = "$(TARGET_NAME)";
				SWIFT_EMIT_LOC_STRINGS = YES;
				SWIFT_VERSION = 5.0;
				TARGETED_DEVICE_FAMILY = "1,2";
			};
			name = Release;
		};
		3F42028B281B233D00685EB8 /* Debug */ = {
			isa = XCBuildConfiguration;
			buildSettings = {
				ALWAYS_EMBED_SWIFT_STANDARD_LIBRARIES = YES;
				BUNDLE_LOADER = "$(TEST_HOST)";
				CODE_SIGN_STYLE = Automatic;
				CURRENT_PROJECT_VERSION = 1;
				GENERATE_INFOPLIST_FILE = YES;
				IPHONEOS_DEPLOYMENT_TARGET = 15.2;
				MARKETING_VERSION = 1.0;
				PRODUCT_BUNDLE_IDENTIFIER = "nwmsu.Vuppala-MoviesTests";
				PRODUCT_NAME = "$(TARGET_NAME)";
				SWIFT_EMIT_LOC_STRINGS = NO;
				SWIFT_VERSION = 5.0;
				TARGETED_DEVICE_FAMILY = "1,2";
				TEST_HOST = "$(BUILT_PRODUCTS_DIR)/Vuppala_Movies.app/Vuppala_Movies";
			};
			name = Debug;
		};
		3F42028C281B233D00685EB8 /* Release */ = {
			isa = XCBuildConfiguration;
			buildSettings = {
				ALWAYS_EMBED_SWIFT_STANDARD_LIBRARIES = YES;
				BUNDLE_LOADER = "$(TEST_HOST)";
				CODE_SIGN_STYLE = Automatic;
				CURRENT_PROJECT_VERSION = 1;
				GENERATE_INFOPLIST_FILE = YES;
				IPHONEOS_DEPLOYMENT_TARGET = 15.2;
				MARKETING_VERSION = 1.0;
				PRODUCT_BUNDLE_IDENTIFIER = "nwmsu.Vuppala-MoviesTests";
				PRODUCT_NAME = "$(TARGET_NAME)";
				SWIFT_EMIT_LOC_STRINGS = NO;
				SWIFT_VERSION = 5.0;
				TARGETED_DEVICE_FAMILY = "1,2";
				TEST_HOST = "$(BUILT_PRODUCTS_DIR)/Vuppala_Movies.app/Vuppala_Movies";
			};
			name = Release;
		};
		3F42028E281B233D00685EB8 /* Debug */ = {
			isa = XCBuildConfiguration;
			buildSettings = {
				ALWAYS_EMBED_SWIFT_STANDARD_LIBRARIES = YES;
				CODE_SIGN_STYLE = Automatic;
				CURRENT_PROJECT_VERSION = 1;
				GENERATE_INFOPLIST_FILE = YES;
				MARKETING_VERSION = 1.0;
				PRODUCT_BUNDLE_IDENTIFIER = "nwmsu.Vuppala-MoviesUITests";
				PRODUCT_NAME = "$(TARGET_NAME)";
				SWIFT_EMIT_LOC_STRINGS = NO;
				SWIFT_VERSION = 5.0;
				TARGETED_DEVICE_FAMILY = "1,2";
				TEST_TARGET_NAME = Vuppala_Movies;
			};
			name = Debug;
		};
		3F42028F281B233D00685EB8 /* Release */ = {
			isa = XCBuildConfiguration;
			buildSettings = {
				ALWAYS_EMBED_SWIFT_STANDARD_LIBRARIES = YES;
				CODE_SIGN_STYLE = Automatic;
				CURRENT_PROJECT_VERSION = 1;
				GENERATE_INFOPLIST_FILE = YES;
				MARKETING_VERSION = 1.0;
				PRODUCT_BUNDLE_IDENTIFIER = "nwmsu.Vuppala-MoviesUITests";
				PRODUCT_NAME = "$(TARGET_NAME)";
				SWIFT_EMIT_LOC_STRINGS = NO;
				SWIFT_VERSION = 5.0;
				TARGETED_DEVICE_FAMILY = "1,2";
				TEST_TARGET_NAME = Vuppala_Movies;
			};
			name = Release;
		};
/* End XCBuildConfiguration section */

/* Begin XCConfigurationList section */
		3F420258281B233A00685EB8 /* Build configuration list for PBXProject "Vuppala_Movies" */ = {
			isa = XCConfigurationList;
			buildConfigurations = (
				3F420285281B233D00685EB8 /* Debug */,
				3F420286281B233D00685EB8 /* Release */,
			);
			defaultConfigurationIsVisible = 0;
			defaultConfigurationName = Release;
		};
		3F420287281B233D00685EB8 /* Build configuration list for PBXNativeTarget "Vuppala_Movies" */ = {
			isa = XCConfigurationList;
			buildConfigurations = (
				3F420288281B233D00685EB8 /* Debug */,
				3F420289281B233D00685EB8 /* Release */,
			);
			defaultConfigurationIsVisible = 0;
			defaultConfigurationName = Release;
		};
		3F42028A281B233D00685EB8 /* Build configuration list for PBXNativeTarget "Vuppala_MoviesTests" */ = {
			isa = XCConfigurationList;
			buildConfigurations = (
				3F42028B281B233D00685EB8 /* Debug */,
				3F42028C281B233D00685EB8 /* Release */,
			);
			defaultConfigurationIsVisible = 0;
			defaultConfigurationName = Release;
		};
		3F42028D281B233D00685EB8 /* Build configuration list for PBXNativeTarget "Vuppala_MoviesUITests" */ = {
			isa = XCConfigurationList;
			buildConfigurations = (
				3F42028E281B233D00685EB8 /* Debug */,
				3F42028F281B233D00685EB8 /* Release */,
			);
			defaultConfigurationIsVisible = 0;
			defaultConfigurationName = Release;
		};
/* End XCConfigurationList section */
	};
	rootObject = 3F420255281B233A00685EB8 /* Project object */;
}
